// !$*UTF8*$!
{
	archiveVersion = 1;
	classes = {
	};
	objectVersion = 46;
	objects = {

/* Begin PBXBuildFile section */
		8CFC2DF5D40FAB1B72900C9F /* Pods_Flix.framework in Frameworks */ = {isa = PBXBuildFile; fileRef = E1F628364746F11931EED418 /* Pods_Flix.framework */; };
		FC23665E1D11F36D007A060E /* AppDelegate.swift in Sources */ = {isa = PBXBuildFile; fileRef = FC23665D1D11F36D007A060E /* AppDelegate.swift */; };
		FC2366631D11F36D007A060E /* Main.storyboard in Resources */ = {isa = PBXBuildFile; fileRef = FC2366611D11F36D007A060E /* Main.storyboard */; };
		FC2366651D11F36D007A060E /* Assets.xcassets in Resources */ = {isa = PBXBuildFile; fileRef = FC2366641D11F36D007A060E /* Assets.xcassets */; };
		FC2366681D11F36D007A060E /* LaunchScreen.storyboard in Resources */ = {isa = PBXBuildFile; fileRef = FC2366661D11F36D007A060E /* LaunchScreen.storyboard */; };
		FC2366721D11F463007A060E /* MoviesViewController.swift in Sources */ = {isa = PBXBuildFile; fileRef = FC2366711D11F463007A060E /* MoviesViewController.swift */; };
		FC2366751D120689007A060E /* MovieCell.swift in Sources */ = {isa = PBXBuildFile; fileRef = FC2366741D120689007A060E /* MovieCell.swift */; };
		FC23669E1D134698007A060E /* MoiveDetailsViewController.swift in Sources */ = {isa = PBXBuildFile; fileRef = FC23669D1D134698007A060E /* MoiveDetailsViewController.swift */; };
/* End PBXBuildFile section */

/* Begin PBXFileReference section */
		4846913AEC96EE0B85563E3F /* Pods-Flix.release.xcconfig */ = {isa = PBXFileReference; includeInIndex = 1; lastKnownFileType = text.xcconfig; name = "Pods-Flix.release.xcconfig"; path = "Pods/Target Support Files/Pods-Flix/Pods-Flix.release.xcconfig"; sourceTree = "<group>"; };
		85F877050A0C8770E9DF0DF8 /* Pods-Flix.debug.xcconfig */ = {isa = PBXFileReference; includeInIndex = 1; lastKnownFileType = text.xcconfig; name = "Pods-Flix.debug.xcconfig"; path = "Pods/Target Support Files/Pods-Flix/Pods-Flix.debug.xcconfig"; sourceTree = "<group>"; };
		E1F628364746F11931EED418 /* Pods_Flix.framework */ = {isa = PBXFileReference; explicitFileType = wrapper.framework; includeInIndex = 0; path = Pods_Flix.framework; sourceTree = BUILT_PRODUCTS_DIR; };
		FC23665A1D11F36D007A060E /* Flix.app */ = {isa = PBXFileReference; explicitFileType = wrapper.application; includeInIndex = 0; path = Flix.app; sourceTree = BUILT_PRODUCTS_DIR; };
		FC23665D1D11F36D007A060E /* AppDelegate.swift */ = {isa = PBXFileReference; lastKnownFileType = sourcecode.swift; path = AppDelegate.swift; sourceTree = "<group>"; };
		FC2366621D11F36D007A060E /* Base */ = {isa = PBXFileReference; lastKnownFileType = file.storyboard; name = Base; path = Base.lproj/Main.storyboard; sourceTree = "<group>"; };
		FC2366641D11F36D007A060E /* Assets.xcassets */ = {isa = PBXFileReference; lastKnownFileType = folder.assetcatalog; path = Assets.xcassets; sourceTree = "<group>"; };
		FC2366671D11F36D007A060E /* Base */ = {isa = PBXFileReference; lastKnownFileType = file.storyboard; name = Base; path = Base.lproj/LaunchScreen.storyboard; sourceTree = "<group>"; };
		FC2366691D11F36D007A060E /* Info.plist */ = {isa = PBXFileReference; lastKnownFileType = text.plist.xml; path = Info.plist; sourceTree = "<group>"; };
		FC2366711D11F463007A060E /* MoviesViewController.swift */ = {isa = PBXFileReference; fileEncoding = 4; lastKnownFileType = sourcecode.swift; path = MoviesViewController.swift; sourceTree = "<group>"; };
		FC2366741D120689007A060E /* MovieCell.swift */ = {isa = PBXFileReference; fileEncoding = 4; lastKnownFileType = sourcecode.swift; path = MovieCell.swift; sourceTree = "<group>"; };
		FC23669D1D134698007A060E /* MoiveDetailsViewController.swift */ = {isa = PBXFileReference; fileEncoding = 4; lastKnownFileType = sourcecode.swift; path = MoiveDetailsViewController.swift; sourceTree = "<group>"; };
/* End PBXFileReference section */

/* Begin PBXFrameworksBuildPhase section */
		FC2366571D11F36D007A060E /* Frameworks */ = {
			isa = PBXFrameworksBuildPhase;
			buildActionMask = 2147483647;
			files = (
				8CFC2DF5D40FAB1B72900C9F /* Pods_Flix.framework in Frameworks */,
			);
			runOnlyForDeploymentPostprocessing = 0;
		};
/* End PBXFrameworksBuildPhase section */

/* Begin PBXGroup section */
		020C727AF0E1E96071746017 /* Pods */ = {
			isa = PBXGroup;
			children = (
				85F877050A0C8770E9DF0DF8 /* Pods-Flix.debug.xcconfig */,
				4846913AEC96EE0B85563E3F /* Pods-Flix.release.xcconfig */,
			);
			name = Pods;
			sourceTree = "<group>";
		};
		E9D058EC467F820F9BA61C11 /* Frameworks */ = {
			isa = PBXGroup;
			children = (
				E1F628364746F11931EED418 /* Pods_Flix.framework */,
			);
			name = Frameworks;
			sourceTree = "<group>";
		};
		FC2366511D11F36D007A060E = {
			isa = PBXGroup;
			children = (
				FC23665C1D11F36D007A060E /* Flix */,
				FC23665B1D11F36D007A060E /* Products */,
				020C727AF0E1E96071746017 /* Pods */,
				E9D058EC467F820F9BA61C11 /* Frameworks */,
			);
			sourceTree = "<group>";
		};
		FC23665B1D11F36D007A060E /* Products */ = {
			isa = PBXGroup;
			children = (
				FC23665A1D11F36D007A060E /* Flix.app */,
			);
			name = Products;
			sourceTree = "<group>";
		};
		FC23665C1D11F36D007A060E /* Flix */ = {
			isa = PBXGroup;
			children = (
				FC2366761D12069B007A060E /* ViewControllers */,
				FC2366731D120665007A060E /* Views */,
				FC23665D1D11F36D007A060E /* AppDelegate.swift */,
				FC2366611D11F36D007A060E /* Main.storyboard */,
				FC2366641D11F36D007A060E /* Assets.xcassets */,
				FC2366661D11F36D007A060E /* LaunchScreen.storyboard */,
				FC2366691D11F36D007A060E /* Info.plist */,
			);
			path = Flix;
			sourceTree = "<group>";
		};
		FC2366731D120665007A060E /* Views */ = {
			isa = PBXGroup;
			children = (
				FC2366741D120689007A060E /* MovieCell.swift */,
			);
			name = Views;
			sourceTree = "<group>";
		};
		FC2366761D12069B007A060E /* ViewControllers */ = {
			isa = PBXGroup;
			children = (
				FC2366711D11F463007A060E /* MoviesViewController.swift */,
				FC23669D1D134698007A060E /* MoiveDetailsViewController.swift */,
			);
			name = ViewControllers;
			sourceTree = "<group>";
		};
/* End PBXGroup section */

/* Begin PBXNativeTarget section */
		FC2366591D11F36D007A060E /* Flix */ = {
			isa = PBXNativeTarget;
			buildConfigurationList = FC23666C1D11F36D007A060E /* Build configuration list for PBXNativeTarget "Flix" */;
			buildPhases = (
				01F7D74820D5A467E6D1F3EE /* [CP] Check Pods Manifest.lock */,
				FC2366561D11F36D007A060E /* Sources */,
				FC2366571D11F36D007A060E /* Frameworks */,
				FC2366581D11F36D007A060E /* Resources */,
				A57065805C4E89926DA690F2 /* [CP] Embed Pods Frameworks */,
				B0FFA0DC5C50E7750A980DBE /* [CP] Copy Pods Resources */,
			);
			buildRules = (
			);
			dependencies = (
			);
			name = Flix;
			productName = Flix;
			productReference = FC23665A1D11F36D007A060E /* Flix.app */;
			productType = "com.apple.product-type.application";
		};
/* End PBXNativeTarget section */

/* Begin PBXProject section */
		FC2366521D11F36D007A060E /* Project object */ = {
			isa = PBXProject;
			attributes = {
				LastSwiftUpdateCheck = 0730;
				LastUpgradeCheck = 0730;
				ORGANIZATIONNAME = "Sumedha Mehta";
				TargetAttributes = {
					FC2366591D11F36D007A060E = {
						CreatedOnToolsVersion = 7.3.1;
					};
				};
			};
			buildConfigurationList = FC2366551D11F36D007A060E /* Build configuration list for PBXProject "Flix" */;
			compatibilityVersion = "Xcode 3.2";
			developmentRegion = English;
			hasScannedForEncodings = 0;
			knownRegions = (
				en,
				Base,
			);
			mainGroup = FC2366511D11F36D007A060E;
			productRefGroup = FC23665B1D11F36D007A060E /* Products */;
			projectDirPath = "";
			projectRoot = "";
			targets = (
				FC2366591D11F36D007A060E /* Flix */,
			);
		};
/* End PBXProject section */

/* Begin PBXResourcesBuildPhase section */
		FC2366581D11F36D007A060E /* Resources */ = {
			isa = PBXResourcesBuildPhase;
			buildActionMask = 2147483647;
			files = (
				FC2366681D11F36D007A060E /* LaunchScreen.storyboard in Resources */,
				FC2366651D11F36D007A060E /* Assets.xcassets in Resources */,
				FC2366631D11F36D007A060E /* Main.storyboard in Resources */,
			);
			runOnlyForDeploymentPostprocessing = 0;
		};
/* End PBXResourcesBuildPhase section */

/* Begin PBXShellScriptBuildPhase section */
		01F7D74820D5A467E6D1F3EE /* [CP] Check Pods Manifest.lock */ = {
			isa = PBXShellScriptBuildPhase;
			buildActionMask = 2147483647;
			files = (
			);
			inputPaths = (
			);
			name = "[CP] Check Pods Manifest.lock";
			outputPaths = (
			);
			runOnlyForDeploymentPostprocessing = 0;
			shellPath = /bin/sh;
			shellScript = "diff \"${PODS_ROOT}/../Podfile.lock\" \"${PODS_ROOT}/Manifest.lock\" > /dev/null\nif [[ $? != 0 ]] ; then\n    cat << EOM\nerror: The sandbox is not in sync with the Podfile.lock. Run 'pod install' or update your CocoaPods installation.\nEOM\n    exit 1\nfi\n";
			showEnvVarsInLog = 0;
		};
		A57065805C4E89926DA690F2 /* [CP] Embed Pods Frameworks */ = {
			isa = PBXShellScriptBuildPhase;
			buildActionMask = 2147483647;
			files = (
			);
			inputPaths = (
			);
			name = "[CP] Embed Pods Frameworks";
			outputPaths = (
			);
			runOnlyForDeploymentPostprocessing = 0;
			shellPath = /bin/sh;
			shellScript = "\"${SRCROOT}/Pods/Target Support Files/Pods-Flix/Pods-Flix-frameworks.sh\"\n";
			showEnvVarsInLog = 0;
		};
		B0FFA0DC5C50E7750A980DBE /* [CP] Copy Pods Resources */ = {
			isa = PBXShellScriptBuildPhase;
			buildActionMask = 2147483647;
			files = (
			);
			inputPaths = (
			);
			name = "[CP] Copy Pods Resources";
			outputPaths = (
			);
			runOnlyForDeploymentPostprocessing = 0;
			shellPath = /bin/sh;
			shellScript = "\"${SRCROOT}/Pods/Target Support Files/Pods-Flix/Pods-Flix-resources.sh\"\n";
			showEnvVarsInLog = 0;
		};
/* End PBXShellScriptBuildPhase section */

/* Begin PBXSourcesBuildPhase section */
		FC2366561D11F36D007A060E /* Sources */ = {
			isa = PBXSourcesBuildPhase;
			buildActionMask = 2147483647;
			files = (
				FC23669E1D134698007A060E /* MoiveDetailsViewController.swift in Sources */,
				FC23665E1D11F36D007A060E /* AppDelegate.swift in Sources */,
				FC2366721D11F463007A060E /* MoviesViewController.swift in Sources */,
				FC2366751D120689007A060E /* MovieCell.swift in Sources */,
			);
			runOnlyForDeploymentPostprocessing = 0;
		};
/* End PBXSourcesBuildPhase section */

/* Begin PBXVariantGroup section */
		FC2366611D11F36D007A060E /* Main.storyboard */ = {
			isa = PBXVariantGroup;
			children = (
				FC2366621D11F36D007A060E /* Base */,
			);
			name = Main.storyboard;
			sourceTree = "<group>";
		};
		FC2366661D11F36D007A060E /* LaunchScreen.storyboard */ = {
			isa = PBXVariantGroup;
			children = (
				FC2366671D11F36D007A060E /* Base */,
			);
			name = LaunchScreen.storyboard;
			sourceTree = "<group>";
		};
/* End PBXVariantGroup section */

/* Begin XCBuildConfiguration section */
		FC23666A1D11F36D007A060E /* Debug */ = {
			isa = XCBuildConfiguration;
			buildSettings = {
				ALWAYS_SEARCH_USER_PATHS = NO;
				CLANG_ANALYZER_NONNULL = YES;
				CLANG_CXX_LANGUAGE_STANDARD = "gnu++0x";
				CLANG_CXX_LIBRARY = "libc++";
				CLANG_ENABLE_MODULES = YES;
				CLANG_ENABLE_OBJC_ARC = YES;
				CLANG_WARN_BOOL_CONVERSION = YES;
				CLANG_WARN_CONSTANT_CONVERSION = YES;
				CLANG_WARN_DIRECT_OBJC_ISA_USAGE = YES_ERROR;
				CLANG_WARN_EMPTY_BODY = YES;
				CLANG_WARN_ENUM_CONVERSION = YES;
				CLANG_WARN_INT_CONVERSION = YES;
				CLANG_WARN_OBJC_ROOT_CLASS = YES_ERROR;
				CLANG_WARN_UNREACHABLE_CODE = YES;
				CLANG_WARN__DUPLICATE_METHOD_MATCH = YES;
				"CODE_SIGN_IDENTITY[sdk=iphoneos*]" = "iPhone Developer";
				COPY_PHASE_STRIP = NO;
				DEBUG_INFORMATION_FORMAT = dwarf;
				ENABLE_STRICT_OBJC_MSGSEND = YES;
				ENABLE_TESTABILITY = YES;
				GCC_C_LANGUAGE_STANDARD = gnu99;
				GCC_DYNAMIC_NO_PIC = NO;
				GCC_NO_COMMON_BLOCKS = YES;
				GCC_OPTIMIZATION_LEVEL = 0;
				GCC_PREPROCESSOR_DEFINITIONS = (
					"DEBUG=1",
					"$(inherited)",
				);
				GCC_WARN_64_TO_32_BIT_CONVERSION = YES;
				GCC_WARN_ABOUT_RETURN_TYPE = YES_ERROR;
				GCC_WARN_UNDECLARED_SELECTOR = YES;
				GCC_WARN_UNINITIALIZED_AUTOS = YES_AGGRESSIVE;
				GCC_WARN_UNUSED_FUNCTION = YES;
				GCC_WARN_UNUSED_VARIABLE = YES;
				IPHONEOS_DEPLOYMENT_TARGET = 9.3;
				MTL_ENABLE_DEBUG_INFO = YES;
				ONLY_ACTIVE_ARCH = YES;
				SDKROOT = iphoneos;
				SWIFT_OPTIMIZATION_LEVEL = "-Onone";
			};
			name = Debug;
		};
		FC23666B1D11F36D007A060E /* Release */ = {
			isa = XCBuildConfiguration;
			buildSettings = {
				ALWAYS_SEARCH_USER_PATHS = NO;
				CLANG_ANALYZER_NONNULL = YES;
				CLANG_CXX_LANGUAGE_STANDARD = "gnu++0x";
				CLANG_CXX_LIBRARY = "libc++";
				CLANG_ENABLE_MODULES = YES;
				CLANG_ENABLE_OBJC_ARC = YES;
				CLANG_WARN_BOOL_CONVERSION = YES;
				CLANG_WARN_CONSTANT_CONVERSION = YES;
				CLANG_WARN_DIRECT_OBJC_ISA_USAGE = YES_ERROR;
				CLANG_WARN_EMPTY_BODY = YES;
				CLANG_WARN_ENUM_CONVERSION = YES;
				CLANG_WARN_INT_CONVERSION = YES;
				CLANG_WARN_OBJC_ROOT_CLASS = YES_ERROR;
				CLANG_WARN_UNREACHABLE_CODE = YES;
				CLANG_WARN__DUPLICATE_METHOD_MATCH = YES;
				"CODE_SIGN_IDENTITY[sdk=iphoneos*]" = "iPhone Developer";
				COPY_PHASE_STRIP = NO;
				DEBUG_INFORMATION_FORMAT = "dwarf-with-dsym";
				ENABLE_NS_ASSERTIONS = NO;
				ENABLE_STRICT_OBJC_MSGSEND = YES;
				GCC_C_LANGUAGE_STANDARD = gnu99;
				GCC_NO_COMMON_BLOCKS = YES;
				GCC_WARN_64_TO_32_BIT_CONVERSION = YES;
				GCC_WARN_ABOUT_RETURN_TYPE = YES_ERROR;
				GCC_WARN_UNDECLARED_SELECTOR = YES;
				GCC_WARN_UNINITIALIZED_AUTOS = YES_AGGRESSIVE;
				GCC_WARN_UNUSED_FUNCTION = YES;
				GCC_WARN_UNUSED_VARIABLE = YES;
				IPHONEOS_DEPLOYMENT_TARGET = 9.3;
				MTL_ENABLE_DEBUG_INFO = NO;
				SDKROOT = iphoneos;
				VALIDATE_PRODUCT = YES;
			};
			name = Release;
		};
		FC23666D1D11F36D007A060E /* Debug */ = {
			isa = XCBuildConfiguration;
			baseConfigurationReference = 85F877050A0C8770E9DF0DF8 /* Pods-Flix.debug.xcconfig */;
			buildSettings = {
				ASSETCATALOG_COMPILER_APPICON_NAME = AppIcon;
				INFOPLIST_FILE = Flix/Info.plist;
				LD_RUNPATH_SEARCH_PATHS = "$(inherited) @executable_path/Frameworks";
				PRODUCT_BUNDLE_IDENTIFIER = com.codepath.Flix;
				PRODUCT_NAME = "$(TARGET_NAME)";
			};
			name = Debug;
		};
		FC23666E1D11F36D007A060E /* Release */ = {
			isa = XCBuildConfiguration;
			baseConfigurationReference = 4846913AEC96EE0B85563E3F /* Pods-Flix.release.xcconfig */;
			buildSettings = {
				ASSETCATALOG_COMPILER_APPICON_NAME = AppIcon;
				INFOPLIST_FILE = Flix/Info.plist;
				LD_RUNPATH_SEARCH_PATHS = "$(inherited) @executable_path/Frameworks";
				PRODUCT_BUNDLE_IDENTIFIER = com.codepath.Flix;
				PRODUCT_NAME = "$(TARGET_NAME)";
			};
			name = Release;
		};
/* End XCBuildConfiguration section */

/* Begin XCConfigurationList section */
		FC2366551D11F36D007A060E /* Build configuration list for PBXProject "Flix" */ = {
			isa = XCConfigurationList;
			buildConfigurations = (
				FC23666A1D11F36D007A060E /* Debug */,
				FC23666B1D11F36D007A060E /* Release */,
			);
			defaultConfigurationIsVisible = 0;
			defaultConfigurationName = Release;
		};
		FC23666C1D11F36D007A060E /* Build configuration list for PBXNativeTarget "Flix" */ = {
			isa = XCConfigurationList;
			buildConfigurations = (
				FC23666D1D11F36D007A060E /* Debug */,
				FC23666E1D11F36D007A060E /* Release */,
			);
			defaultConfigurationIsVisible = 0;
			defaultConfigurationName = Release;
		};
/* End XCConfigurationList section */
	};
	rootObject = FC2366521D11F36D007A060E /* Project object */;
}
